# This file is generated by running "yarn install" inside your project.
# Manual changes might be lost - proceed with caution!

__metadata:
  version: 8
  cacheKey: 10c0

"@rules-js-yarn/consumer-seven@workspace:*, @rules-js-yarn/consumer-seven@workspace:packages/consumer-seven":
  version: 0.0.0-use.local
  resolution: "@rules-js-yarn/consumer-seven@workspace:packages/consumer-seven"
  dependencies:
    "@rules-js-yarn/peer-reader": "workspace:*"
    semver: "patch:semver@npm%3A7.6.3#~/.yarn/patches/semver-npm-7.6.3-57e82c14d5.patch"
  languageName: unknown
  linkType: soft

"@rules-js-yarn/consumer-six@workspace:*, @rules-js-yarn/consumer-six@workspace:packages/consumer-six":
  version: 0.0.0-use.local
  resolution: "@rules-js-yarn/consumer-six@workspace:packages/consumer-six"
  dependencies:
    "@rules-js-yarn/peer-reader": "workspace:*"
    semver: "npm:6.3.1"
  languageName: unknown
  linkType: soft

"@rules-js-yarn/peer-reader@workspace:*, @rules-js-yarn/peer-reader@workspace:packages/peer-reader":
  version: 0.0.0-use.local
  resolution: "@rules-js-yarn/peer-reader@workspace:packages/peer-reader"
  peerDependencies:
    semver: "*"
  languageName: unknown
  linkType: soft

"is-number@npm:6.0.0":
  version: 6.0.0
  resolution: "is-number@npm:6.0.0"
  checksum: 10c0/5da4c68401529675c575878d2760d66f18eaef4b014858577f6003daf66488d7fe4eae684b1e8574e3fa1bb447c6c6c56b8491d2b4b3239da2d32e5f6f218008
  languageName: node
  linkType: hard

"rules-js-native-yarn-e2e@workspace:.":
  version: 0.0.0-use.local
  resolution: "rules-js-native-yarn-e2e@workspace:."
  dependencies:
    "@rules-js-yarn/consumer-seven": "workspace:*"
    "@rules-js-yarn/consumer-six": "workspace:*"
    semver: "patch:semver@npm%3A7.6.3#~/.yarn/patches/semver-npm-7.6.3-57e82c14d5.patch"
  languageName: unknown
  linkType: soft

"semver@npm:6.3.1":
  version: 6.3.1
  resolution: "semver@npm:6.3.1"
  bin:
    semver: bin/semver.js
  checksum: 10c0/e3d79b609071caa78bcb6ce2ad81c7966a46a7431d9d58b8800cfa9cb6a63699b3899a0e4bcce36167a284578212d9ae6942b6929ba4aa5015c079a67751d42d
  languageName: node
  linkType: hard

"semver@npm:7.6.3":
  version: 7.6.3
  resolution: "semver@npm:7.6.3"
  bin:
    semver: bin/semver.js
  checksum: 10c0/88f33e148b210c153873cb08cfe1e281d518aaa9a666d4d148add6560db5cd3c582f3a08ccb91f38d5f379ead256da9931234ed122057f40bb5766e65e58adaf
  languageName: node
  linkType: hard

"semver@patch:semver@npm%3A7.6.3#~/.yarn/patches/semver-npm-7.6.3-57e82c14d5.patch":
  version: 7.6.3
  resolution: "semver@patch:semver@npm%3A7.6.3#~/.yarn/patches/semver-npm-7.6.3-57e82c14d5.patch::version=7.6.3&hash=54d467"
  bin:
    semver: bin/semver.js
  checksum: 10c0/511489d60fde910506d704f6eee8555247c98ee3a3f209af10e760ba6557bf885f20b4ad427e036de1d453cfcc3079c8aa6c0c200361f45910a768185d1ddba0
  languageName: node
  linkType: hard
